
Microsoft Visual Studio Solution File, Format Version 12.00
# Visual Studio Version 17
VisualStudioVersion = 17.7.34031.279
MinimumVisualStudioVersion = 10.0.40219.1
Project("{8BC9CEB8-8B4A-11D0-8D11-00A0C91BC942}") = "easyX", "easyX.vcxproj", "{34586C01-C072-4259-B250-E08C01014996}"
EndProject
Global
	GlobalSection(SolutionConfigurationPlatforms) = preSolution
		Debug|x64 = Debug|x64
		Debug|x86 = Debug|x86
		Release|x64 = Release|x64
		Release|x86 = Release|x86
	EndGlobalSection
	GlobalSection(ProjectConfigurationPlatforms) = postSolution
		{34586C01-C072-4259-B250-E08C01014996}.Debug|x64.ActiveCfg = Debug|x64
		{34586C01-C072-4259-B250-E08C01014996}.Debug|x64.Build.0 = Debug|x64
		{34586C01-C072-4259-B250-E08C01014996}.Debug|x86.ActiveCfg = Debug|Win32
		{34586C01-C072-4259-B250-E08C01014996}.Debug|x86.Build.0 = Debug|Win32
		{34586C01-C072-4259-B250-E08C01014996}.Release|x64.ActiveCfg = Release|x64
		{34586C01-C072-4259-B250-E08C01014996}.Release|x64.Build.0 = Release|x64
		{34586C01-C072-4259-B250-E08C01014996}.Release|x86.ActiveCfg = Release|Win32
		{34586C01-C072-4259-B250-E08C01014996}.Release|x86.Build.0 = Release|Win32
	EndGlobalSection
	GlobalSection(SolutionProperties) = preSolution
		HideSolutionNode = FALSE
	EndGlobalSection
	GlobalSection(ExtensibilityGlobals) = postSolution
		SolutionGuid = {E815B1C5-8A79-4CEA-A9EA-1D020E630D6E}
	EndGlobalSection
EndGlobal
